{
  "name": "circular-primes",
  "version": "1.0.0",
  "lockfileVersion": 1,
  "requires": true,
  "dependencies": {
    "quick-is-prime": {
      "version": "1.0.7",
      "resolved": "https://registry.npmjs.org/quick-is-prime/-/quick-is-prime-1.0.7.tgz",
      "integrity": "sha1-rtwBzP5mQoK4E/vdBbNmJcfk8hE=",
      "requires": {
        "sieve-set": "^1.0.2"
      }
    },
    "sieve-of-eratosthenes": {
      "version": "0.0.3",
      "resolved": "https://registry.npmjs.org/sieve-of-eratosthenes/-/sieve-of-eratosthenes-0.0.3.tgz",
      "integrity": "sha512-YTM3HfmD1kHF/ylZhGZy054HSsi8ed/N0C9TWtZmRJyO2AmecCBOr/zphXqP5sRiKqgTdf7iWgkur3mRTIFUaQ=="
    },
    "sieve-set": {
      "version": "1.0.3",
      "resolved": "https://registry.npmjs.org/sieve-set/-/sieve-set-1.0.3.tgz",
      "integrity": "sha512-zMx6vc821wO5Zwcm8bVMAwX7n6otZODGrw9XErfQV8qWrU22B/CMz32TGQreH3ubV4F7l2d5iRPFWIu2wcH4iQ==",
      "requires": {
        "sieve-of-eratosthenes": "0.0.3"
      }
    }
  }
}
